// !$*UTF8*$!
{
	archiveVersion = 1;
	classes = {
	};
	objectVersion = 50;
	objects = {

/* Begin PBXBuildFile section */
		5AEA72119A1FC96B2E3B1792 /* Pods_testTests.framework in Frameworks */ = {isa = PBXBuildFile; fileRef = 273F6310FE25BEFB0713456B /* Pods_testTests.framework */; };
		6469957D5E6FC9AAA0418C35 /* Pods_testUITests.framework in Frameworks */ = {isa = PBXBuildFile; fileRef = 90D788FBC63871F9FC1F486D /* Pods_testUITests.framework */; };
		92B7CD412F73FDD2B8BC3107 /* Pods_test.framework in Frameworks */ = {isa = PBXBuildFile; fileRef = B24C8FF54DCB0C9DD6DEF753 /* Pods_test.framework */; };
		99A8217221C799BA00731C61 /* AppDelegate.m in Sources */ = {isa = PBXBuildFile; fileRef = 99A8217121C799BA00731C61 /* AppDelegate.m */; };
		99A8217521C799BA00731C61 /* ViewController.m in Sources */ = {isa = PBXBuildFile; fileRef = 99A8217421C799BA00731C61 /* ViewController.m */; };
		99A8217821C799BA00731C61 /* Main.storyboard in Resources */ = {isa = PBXBuildFile; fileRef = 99A8217621C799BA00731C61 /* Main.storyboard */; };
		99A8217A21C799BC00731C61 /* Assets.xcassets in Resources */ = {isa = PBXBuildFile; fileRef = 99A8217921C799BC00731C61 /* Assets.xcassets */; };
		99A8217D21C799BC00731C61 /* LaunchScreen.storyboard in Resources */ = {isa = PBXBuildFile; fileRef = 99A8217B21C799BC00731C61 /* LaunchScreen.storyboard */; };
		99A8218021C799BC00731C61 /* main.m in Sources */ = {isa = PBXBuildFile; fileRef = 99A8217F21C799BC00731C61 /* main.m */; };
		99A8218A21C799BC00731C61 /* testTests.m in Sources */ = {isa = PBXBuildFile; fileRef = 99A8218921C799BC00731C61 /* testTests.m */; };
		99A8219521C799BC00731C61 /* testUITests.m in Sources */ = {isa = PBXBuildFile; fileRef = 99A8219421C799BC00731C61 /* testUITests.m */; };
/* End PBXBuildFile section */

/* Begin PBXContainerItemProxy section */
		99A8218621C799BC00731C61 /* PBXContainerItemProxy */ = {
			isa = PBXContainerItemProxy;
			containerPortal = 99A8216521C799BA00731C61 /* Project object */;
			proxyType = 1;
			remoteGlobalIDString = 99A8216C21C799BA00731C61;
			remoteInfo = test;
		};
		99A8219121C799BC00731C61 /* PBXContainerItemProxy */ = {
			isa = PBXContainerItemProxy;
			containerPortal = 99A8216521C799BA00731C61 /* Project object */;
			proxyType = 1;
			remoteGlobalIDString = 99A8216C21C799BA00731C61;
			remoteInfo = test;
		};
/* End PBXContainerItemProxy section */

/* Begin PBXFileReference section */
		25F57D1B5E241CB33A7A2006 /* Pods-testUITests.debug.xcconfig */ = {isa = PBXFileReference; includeInIndex = 1; lastKnownFileType = text.xcconfig; name = "Pods-testUITests.debug.xcconfig"; path = "Pods/Target Support Files/Pods-testUITests/Pods-testUITests.debug.xcconfig"; sourceTree = "<group>"; };
		273F6310FE25BEFB0713456B /* Pods_testTests.framework */ = {isa = PBXFileReference; explicitFileType = wrapper.framework; includeInIndex = 0; path = Pods_testTests.framework; sourceTree = BUILT_PRODUCTS_DIR; };
		5C041B4144B3BA45E700EDD7 /* Pods-testTests.release.xcconfig */ = {isa = PBXFileReference; includeInIndex = 1; lastKnownFileType = text.xcconfig; name = "Pods-testTests.release.xcconfig"; path = "Pods/Target Support Files/Pods-testTests/Pods-testTests.release.xcconfig"; sourceTree = "<group>"; };
		80C6048B9D157A2B41A29696 /* Pods-testTests.debug.xcconfig */ = {isa = PBXFileReference; includeInIndex = 1; lastKnownFileType = text.xcconfig; name = "Pods-testTests.debug.xcconfig"; path = "Pods/Target Support Files/Pods-testTests/Pods-testTests.debug.xcconfig"; sourceTree = "<group>"; };
		90D788FBC63871F9FC1F486D /* Pods_testUITests.framework */ = {isa = PBXFileReference; explicitFileType = wrapper.framework; includeInIndex = 0; path = Pods_testUITests.framework; sourceTree = BUILT_PRODUCTS_DIR; };
		99A8216D21C799BA00731C61 /* test.app */ = {isa = PBXFileReference; explicitFileType = wrapper.application; includeInIndex = 0; path = test.app; sourceTree = BUILT_PRODUCTS_DIR; };
		99A8217021C799BA00731C61 /* AppDelegate.h */ = {isa = PBXFileReference; lastKnownFileType = sourcecode.c.h; path = AppDelegate.h; sourceTree = "<group>"; };
		99A8217121C799BA00731C61 /* AppDelegate.m */ = {isa = PBXFileReference; lastKnownFileType = sourcecode.c.objc; path = AppDelegate.m; sourceTree = "<group>"; };
		99A8217321C799BA00731C61 /* ViewController.h */ = {isa = PBXFileReference; lastKnownFileType = sourcecode.c.h; path = ViewController.h; sourceTree = "<group>"; };
		99A8217421C799BA00731C61 /* ViewController.m */ = {isa = PBXFileReference; lastKnownFileType = sourcecode.c.objc; path = ViewController.m; sourceTree = "<group>"; };
		99A8217721C799BA00731C61 /* Base */ = {isa = PBXFileReference; lastKnownFileType = file.storyboard; name = Base; path = Base.lproj/Main.storyboard; sourceTree = "<group>"; };
		99A8217921C799BC00731C61 /* Assets.xcassets */ = {isa = PBXFileReference; lastKnownFileType = folder.assetcatalog; path = Assets.xcassets; sourceTree = "<group>"; };
		99A8217C21C799BC00731C61 /* Base */ = {isa = PBXFileReference; lastKnownFileType = file.storyboard; name = Base; path = Base.lproj/LaunchScreen.storyboard; sourceTree = "<group>"; };
		99A8217E21C799BC00731C61 /* Info.plist */ = {isa = PBXFileReference; lastKnownFileType = text.plist.xml; path = Info.plist; sourceTree = "<group>"; };
		99A8217F21C799BC00731C61 /* main.m */ = {isa = PBXFileReference; lastKnownFileType = sourcecode.c.objc; path = main.m; sourceTree = "<group>"; };
		99A8218521C799BC00731C61 /* testTests.xctest */ = {isa = PBXFileReference; explicitFileType = wrapper.cfbundle; includeInIndex = 0; path = testTests.xctest; sourceTree = BUILT_PRODUCTS_DIR; };
		99A8218921C799BC00731C61 /* testTests.m */ = {isa = PBXFileReference; lastKnownFileType = sourcecode.c.objc; path = testTests.m; sourceTree = "<group>"; };
		99A8218B21C799BC00731C61 /* Info.plist */ = {isa = PBXFileReference; lastKnownFileType = text.plist.xml; path = Info.plist; sourceTree = "<group>"; };
		99A8219021C799BC00731C61 /* testUITests.xctest */ = {isa = PBXFileReference; explicitFileType = wrapper.cfbundle; includeInIndex = 0; path = testUITests.xctest; sourceTree = BUILT_PRODUCTS_DIR; };
		99A8219421C799BC00731C61 /* testUITests.m */ = {isa = PBXFileReference; lastKnownFileType = sourcecode.c.objc; path = testUITests.m; sourceTree = "<group>"; };
		99A8219621C799BC00731C61 /* Info.plist */ = {isa = PBXFileReference; lastKnownFileType = text.plist.xml; path = Info.plist; sourceTree = "<group>"; };
		A2189A7134408A94FE14A20B /* Pods-testUITests.release.xcconfig */ = {isa = PBXFileReference; includeInIndex = 1; lastKnownFileType = text.xcconfig; name = "Pods-testUITests.release.xcconfig"; path = "Pods/Target Support Files/Pods-testUITests/Pods-testUITests.release.xcconfig"; sourceTree = "<group>"; };
		B24C8FF54DCB0C9DD6DEF753 /* Pods_test.framework */ = {isa = PBXFileReference; explicitFileType = wrapper.framework; includeInIndex = 0; path = Pods_test.framework; sourceTree = BUILT_PRODUCTS_DIR; };
		C8C5A3CC003916AC8CB12E57 /* Pods-test.release.xcconfig */ = {isa = PBXFileReference; includeInIndex = 1; lastKnownFileType = text.xcconfig; name = "Pods-test.release.xcconfig"; path = "Pods/Target Support Files/Pods-test/Pods-test.release.xcconfig"; sourceTree = "<group>"; };
		C9C31C61575F4FD736793F6F /* Pods-test.debug.xcconfig */ = {isa = PBXFileReference; includeInIndex = 1; lastKnownFileType = text.xcconfig; name = "Pods-test.debug.xcconfig"; path = "Pods/Target Support Files/Pods-test/Pods-test.debug.xcconfig"; sourceTree = "<group>"; };
/* End PBXFileReference section */

/* Begin PBXFrameworksBuildPhase section */
		99A8216A21C799BA00731C61 /* Frameworks */ = {
			isa = PBXFrameworksBuildPhase;
			buildActionMask = 2147483647;
			files = (
				92B7CD412F73FDD2B8BC3107 /* Pods_test.framework in Frameworks */,
			);
			runOnlyForDeploymentPostprocessing = 0;
		};
		99A8218221C799BC00731C61 /* Frameworks */ = {
			isa = PBXFrameworksBuildPhase;
			buildActionMask = 2147483647;
			files = (
				5AEA72119A1FC96B2E3B1792 /* Pods_testTests.framework in Frameworks */,
			);
			runOnlyForDeploymentPostprocessing = 0;
		};
		99A8218D21C799BC00731C61 /* Frameworks */ = {
			isa = PBXFrameworksBuildPhase;
			buildActionMask = 2147483647;
			files = (
				6469957D5E6FC9AAA0418C35 /* Pods_testUITests.framework in Frameworks */,
			);
			runOnlyForDeploymentPostprocessing = 0;
		};
/* End PBXFrameworksBuildPhase section */

/* Begin PBXGroup section */
		96ADC932120C444C161AC78D /* Frameworks */ = {
			isa = PBXGroup;
			children = (
				B24C8FF54DCB0C9DD6DEF753 /* Pods_test.framework */,
				273F6310FE25BEFB0713456B /* Pods_testTests.framework */,
				90D788FBC63871F9FC1F486D /* Pods_testUITests.framework */,
			);
			name = Frameworks;
			sourceTree = "<group>";
		};
		99A8216421C799BA00731C61 = {
			isa = PBXGroup;
			children = (
				99A8216F21C799BA00731C61 /* test */,
				99A8218821C799BC00731C61 /* testTests */,
				99A8219321C799BC00731C61 /* testUITests */,
				99A8216E21C799BA00731C61 /* Products */,
				CE8BAFF1BCBFC63EA9E543BA /* Pods */,
				96ADC932120C444C161AC78D /* Frameworks */,
			);
			sourceTree = "<group>";
		};
		99A8216E21C799BA00731C61 /* Products */ = {
			isa = PBXGroup;
			children = (
				99A8216D21C799BA00731C61 /* test.app */,
				99A8218521C799BC00731C61 /* testTests.xctest */,
				99A8219021C799BC00731C61 /* testUITests.xctest */,
			);
			name = Products;
			sourceTree = "<group>";
		};
		99A8216F21C799BA00731C61 /* test */ = {
			isa = PBXGroup;
			children = (
				99A8217021C799BA00731C61 /* AppDelegate.h */,
				99A8217121C799BA00731C61 /* AppDelegate.m */,
				99A8217321C799BA00731C61 /* ViewController.h */,
				99A8217421C799BA00731C61 /* ViewController.m */,
				99A8217621C799BA00731C61 /* Main.storyboard */,
				99A8217921C799BC00731C61 /* Assets.xcassets */,
				99A8217B21C799BC00731C61 /* LaunchScreen.storyboard */,
				99A8217E21C799BC00731C61 /* Info.plist */,
				99A8217F21C799BC00731C61 /* main.m */,
			);
			path = test;
			sourceTree = "<group>";
		};
		99A8218821C799BC00731C61 /* testTests */ = {
			isa = PBXGroup;
			children = (
				99A8218921C799BC00731C61 /* testTests.m */,
				99A8218B21C799BC00731C61 /* Info.plist */,
			);
			path = testTests;
			sourceTree = "<group>";
		};
		99A8219321C799BC00731C61 /* testUITests */ = {
			isa = PBXGroup;
			children = (
				99A8219421C799BC00731C61 /* testUITests.m */,
				99A8219621C799BC00731C61 /* Info.plist */,
			);
			path = testUITests;
			sourceTree = "<group>";
		};
		CE8BAFF1BCBFC63EA9E543BA /* Pods */ = {
			isa = PBXGroup;
			children = (
				C9C31C61575F4FD736793F6F /* Pods-test.debug.xcconfig */,
				C8C5A3CC003916AC8CB12E57 /* Pods-test.release.xcconfig */,
				80C6048B9D157A2B41A29696 /* Pods-testTests.debug.xcconfig */,
				5C041B4144B3BA45E700EDD7 /* Pods-testTests.release.xcconfig */,
				25F57D1B5E241CB33A7A2006 /* Pods-testUITests.debug.xcconfig */,
				A2189A7134408A94FE14A20B /* Pods-testUITests.release.xcconfig */,
			);
			name = Pods;
			sourceTree = "<group>";
		};
/* End PBXGroup section */

/* Begin PBXNativeTarget section */
		99A8216C21C799BA00731C61 /* test */ = {
			isa = PBXNativeTarget;
			buildConfigurationList = 99A8219921C799BC00731C61 /* Build configuration list for PBXNativeTarget "test" */;
			buildPhases = (
				B9BC1AD760048335A5E64614 /* [CP] Check Pods Manifest.lock */,
				99A8216921C799BA00731C61 /* Sources */,
				99A8216A21C799BA00731C61 /* Frameworks */,
				99A8216B21C799BA00731C61 /* Resources */,
				90A8CAAC17C1B9ADFC17ED75 /* [CP] Embed Pods Frameworks */,
			);
			buildRules = (
			);
			dependencies = (
			);
			name = test;
			productName = test;
			productReference = 99A8216D21C799BA00731C61 /* test.app */;
			productType = "com.apple.product-type.application";
		};
		99A8218421C799BC00731C61 /* testTests */ = {
			isa = PBXNativeTarget;
			buildConfigurationList = 99A8219C21C799BC00731C61 /* Build configuration list for PBXNativeTarget "testTests" */;
			buildPhases = (
				2749A38B5C109DC823B46995 /* [CP] Check Pods Manifest.lock */,
				99A8218121C799BC00731C61 /* Sources */,
				99A8218221C799BC00731C61 /* Frameworks */,
				99A8218321C799BC00731C61 /* Resources */,
			);
			buildRules = (
			);
			dependencies = (
				99A8218721C799BC00731C61 /* PBXTargetDependency */,
			);
			name = testTests;
			productName = testTests;
			productReference = 99A8218521C799BC00731C61 /* testTests.xctest */;
			productType = "com.apple.product-type.bundle.unit-test";
		};
		99A8218F21C799BC00731C61 /* testUITests */ = {
			isa = PBXNativeTarget;
			buildConfigurationList = 99A8219F21C799BC00731C61 /* Build configuration list for PBXNativeTarget "testUITests" */;
			buildPhases = (
				D12C4B7705A393A1F5E6BD2E /* [CP] Check Pods Manifest.lock */,
				99A8218C21C799BC00731C61 /* Sources */,
				99A8218D21C799BC00731C61 /* Frameworks */,
				99A8218E21C799BC00731C61 /* Resources */,
			);
			buildRules = (
			);
			dependencies = (
				99A8219221C799BC00731C61 /* PBXTargetDependency */,
			);
			name = testUITests;
			productName = testUITests;
			productReference = 99A8219021C799BC00731C61 /* testUITests.xctest */;
			productType = "com.apple.product-type.bundle.ui-testing";
		};
/* End PBXNativeTarget section */

/* Begin PBXProject section */
		99A8216521C799BA00731C61 /* Project object */ = {
			isa = PBXProject;
			attributes = {
				LastUpgradeCheck = 0940;
				ORGANIZATIONNAME = LYP;
				TargetAttributes = {
					99A8216C21C799BA00731C61 = {
						CreatedOnToolsVersion = 9.4.1;
					};
					99A8218421C799BC00731C61 = {
						CreatedOnToolsVersion = 9.4.1;
						TestTargetID = 99A8216C21C799BA00731C61;
					};
					99A8218F21C799BC00731C61 = {
						CreatedOnToolsVersion = 9.4.1;
						TestTargetID = 99A8216C21C799BA00731C61;
					};
				};
			};
			buildConfigurationList = 99A8216821C799BA00731C61 /* Build configuration list for PBXProject "test" */;
			compatibilityVersion = "Xcode 9.3";
			developmentRegion = en;
			hasScannedForEncodings = 0;
			knownRegions = (
				en,
				Base,
			);
			mainGroup = 99A8216421C799BA00731C61;
			productRefGroup = 99A8216E21C799BA00731C61 /* Products */;
			projectDirPath = "";
			projectRoot = "";
			targets = (
				99A8216C21C799BA00731C61 /* test */,
				99A8218421C799BC00731C61 /* testTests */,
				99A8218F21C799BC00731C61 /* testUITests */,
			);
		};
/* End PBXProject section */

/* Begin PBXResourcesBuildPhase section */
		99A8216B21C799BA00731C61 /* Resources */ = {
			isa = PBXResourcesBuildPhase;
			buildActionMask = 2147483647;
			files = (
				99A8217D21C799BC00731C61 /* LaunchScreen.storyboard in Resources */,
				99A8217A21C799BC00731C61 /* Assets.xcassets in Resources */,
				99A8217821C799BA00731C61 /* Main.storyboard in Resources */,
			);
			runOnlyForDeploymentPostprocessing = 0;
		};
		99A8218321C799BC00731C61 /* Resources */ = {
			isa = PBXResourcesBuildPhase;
			buildActionMask = 2147483647;
			files = (
			);
			runOnlyForDeploymentPostprocessing = 0;
		};
		99A8218E21C799BC00731C61 /* Resources */ = {
			isa = PBXResourcesBuildPhase;
			buildActionMask = 2147483647;
			files = (
			);
			runOnlyForDeploymentPostprocessing = 0;
		};
/* End PBXResourcesBuildPhase section */

/* Begin PBXShellScriptBuildPhase section */
		2749A38B5C109DC823B46995 /* [CP] Check Pods Manifest.lock */ = {
			isa = PBXShellScriptBuildPhase;
			buildActionMask = 2147483647;
			files = (
			);
			inputFileListPaths = (
			);
			inputPaths = (
				"${PODS_PODFILE_DIR_PATH}/Podfile.lock",
				"${PODS_ROOT}/Manifest.lock",
			);
			name = "[CP] Check Pods Manifest.lock";
			outputFileListPaths = (
			);
			outputPaths = (
				"$(DERIVED_FILE_DIR)/Pods-testTests-checkManifestLockResult.txt",
			);
			runOnlyForDeploymentPostprocessing = 0;
			shellPath = /bin/sh;
			shellScript = "diff \"${PODS_PODFILE_DIR_PATH}/Podfile.lock\" \"${PODS_ROOT}/Manifest.lock\" > /dev/null\nif [ $? != 0 ] ; then\n    # print error to STDERR\n    echo \"error: The sandbox is not in sync with the Podfile.lock. Run 'pod install' or update your CocoaPods installation.\" >&2\n    exit 1\nfi\n# This output is used by Xcode 'outputs' to avoid re-running this script phase.\necho \"SUCCESS\" > \"${SCRIPT_OUTPUT_FILE_0}\"\n";
			showEnvVarsInLog = 0;
		};
		90A8CAAC17C1B9ADFC17ED75 /* [CP] Embed Pods Frameworks */ = {
			isa = PBXShellScriptBuildPhase;
			buildActionMask = 2147483647;
			files = (
			);
			inputFileListPaths = (
			);
			inputPaths = (
				"${SRCROOT}/Pods/Target Support Files/Pods-test/Pods-test-frameworks.sh",
				"${BUILT_PRODUCTS_DIR}/Alamofire/Alamofire.framework",
			);
			name = "[CP] Embed Pods Frameworks";
			outputFileListPaths = (
			);
			outputPaths = (
				"${TARGET_BUILD_DIR}/${FRAMEWORKS_FOLDER_PATH}/Alamofire.framework",
			);
			runOnlyForDeploymentPostprocessing = 0;
			shellPath = /bin/sh;
			shellScript = "\"${SRCROOT}/Pods/Target Support Files/Pods-test/Pods-test-frameworks.sh\"\n";
			showEnvVarsInLog = 0;
		};
		B9BC1AD760048335A5E64614 /* [CP] Check Pods Manifest.lock */ = {
			isa = PBXShellScriptBuildPhase;
			buildActionMask = 2147483647;
			files = (
			);
			inputFileListPaths = (
			);
			inputPaths = (
				"${PODS_PODFILE_DIR_PATH}/Podfile.lock",
				"${PODS_ROOT}/Manifest.lock",
			);
			name = "[CP] Check Pods Manifest.lock";
			outputFileListPaths = (
			);
			outputPaths = (
				"$(DERIVED_FILE_DIR)/Pods-test-checkManifestLockResult.txt",
			);
			runOnlyForDeploymentPostprocessing = 0;
			shellPath = /bin/sh;
			shellScript = "diff \"${PODS_PODFILE_DIR_PATH}/Podfile.lock\" \"${PODS_ROOT}/Manifest.lock\" > /dev/null\nif [ $? != 0 ] ; then\n    # print error to STDERR\n    echo \"error: The sandbox is not in sync with the Podfile.lock. Run 'pod install' or update your CocoaPods installation.\" >&2\n    exit 1\nfi\n# This output is used by Xcode 'outputs' to avoid re-running this script phase.\necho \"SUCCESS\" > \"${SCRIPT_OUTPUT_FILE_0}\"\n";
			showEnvVarsInLog = 0;
		};
		D12C4B7705A393A1F5E6BD2E /* [CP] Check Pods Manifest.lock */ = {
			isa = PBXShellScriptBuildPhase;
			buildActionMask = 2147483647;
			files = (
			);
			inputFileListPaths = (
			);
			inputPaths = (
				"${PODS_PODFILE_DIR_PATH}/Podfile.lock",
				"${PODS_ROOT}/Manifest.lock",
			);
			name = "[CP] Check Pods Manifest.lock";
			outputFileListPaths = (
			);
			outputPaths = (
				"$(DERIVED_FILE_DIR)/Pods-testUITests-checkManifestLockResult.txt",
			);
			runOnlyForDeploymentPostprocessing = 0;
			shellPath = /bin/sh;
			shellScript = "diff \"${PODS_PODFILE_DIR_PATH}/Podfile.lock\" \"${PODS_ROOT}/Manifest.lock\" > /dev/null\nif [ $? != 0 ] ; then\n    # print error to STDERR\n    echo \"error: The sandbox is not in sync with the Podfile.lock. Run 'pod install' or update your CocoaPods installation.\" >&2\n    exit 1\nfi\n# This output is used by Xcode 'outputs' to avoid re-running this script phase.\necho \"SUCCESS\" > \"${SCRIPT_OUTPUT_FILE_0}\"\n";
			showEnvVarsInLog = 0;
		};
/* End PBXShellScriptBuildPhase section */

/* Begin PBXSourcesBuildPhase section */
		99A8216921C799BA00731C61 /* Sources */ = {
			isa = PBXSourcesBuildPhase;
			buildActionMask = 2147483647;
			files = (
				99A8217521C799BA00731C61 /* ViewController.m in Sources */,
				99A8218021C799BC00731C61 /* main.m in Sources */,
				99A8217221C799BA00731C61 /* AppDelegate.m in Sources */,
			);
			runOnlyForDeploymentPostprocessing = 0;
		};
		99A8218121C799BC00731C61 /* Sources */ = {
			isa = PBXSourcesBuildPhase;
			buildActionMask = 2147483647;
			files = (
				99A8218A21C799BC00731C61 /* testTests.m in Sources */,
			);
			runOnlyForDeploymentPostprocessing = 0;
		};
		99A8218C21C799BC00731C61 /* Sources */ = {
			isa = PBXSourcesBuildPhase;
			buildActionMask = 2147483647;
			files = (
				99A8219521C799BC00731C61 /* testUITests.m in Sources */,
			);
			runOnlyForDeploymentPostprocessing = 0;
		};
/* End PBXSourcesBuildPhase section */

/* Begin PBXTargetDependency section */
		99A8218721C799BC00731C61 /* PBXTargetDependency */ = {
			isa = PBXTargetDependency;
			target = 99A8216C21C799BA00731C61 /* test */;
			targetProxy = 99A8218621C799BC00731C61 /* PBXContainerItemProxy */;
		};
		99A8219221C799BC00731C61 /* PBXTargetDependency */ = {
			isa = PBXTargetDependency;
			target = 99A8216C21C799BA00731C61 /* test */;
			targetProxy = 99A8219121C799BC00731C61 /* PBXContainerItemProxy */;
		};
/* End PBXTargetDependency section */

/* Begin PBXVariantGroup section */
		99A8217621C799BA00731C61 /* Main.storyboard */ = {
			isa = PBXVariantGroup;
			children = (
				99A8217721C799BA00731C61 /* Base */,
			);
			name = Main.storyboard;
			sourceTree = "<group>";
		};
		99A8217B21C799BC00731C61 /* LaunchScreen.storyboard */ = {
			isa = PBXVariantGroup;
			children = (
				99A8217C21C799BC00731C61 /* Base */,
			);
			name = LaunchScreen.storyboard;
			sourceTree = "<group>";
		};
/* End PBXVariantGroup section */

/* Begin XCBuildConfiguration section */
		99A8219721C799BC00731C61 /* Debug */ = {
			isa = XCBuildConfiguration;
			buildSettings = {
				ALWAYS_SEARCH_USER_PATHS = NO;
				CLANG_ANALYZER_NONNULL = YES;
				CLANG_ANALYZER_NUMBER_OBJECT_CONVERSION = YES_AGGRESSIVE;
				CLANG_CXX_LANGUAGE_STANDARD = "gnu++14";
				CLANG_CXX_LIBRARY = "libc++";
				CLANG_ENABLE_MODULES = YES;
				CLANG_ENABLE_OBJC_ARC = YES;
				CLANG_ENABLE_OBJC_WEAK = YES;
				CLANG_WARN_BLOCK_CAPTURE_AUTORELEASING = YES;
				CLANG_WARN_BOOL_CONVERSION = YES;
				CLANG_WARN_COMMA = YES;
				CLANG_WARN_CONSTANT_CONVERSION = YES;
				CLANG_WARN_DEPRECATED_OBJC_IMPLEMENTATIONS = YES;
				CLANG_WARN_DIRECT_OBJC_ISA_USAGE = YES_ERROR;
				CLANG_WARN_DOCUMENTATION_COMMENTS = YES;
				CLANG_WARN_EMPTY_BODY = YES;
				CLANG_WARN_ENUM_CONVERSION = YES;
				CLANG_WARN_INFINITE_RECURSION = YES;
				CLANG_WARN_INT_CONVERSION = YES;
				CLANG_WARN_NON_LITERAL_NULL_CONVERSION = YES;
				CLANG_WARN_OBJC_IMPLICIT_RETAIN_SELF = YES;
				CLANG_WARN_OBJC_LITERAL_CONVERSION = YES;
				CLANG_WARN_OBJC_ROOT_CLASS = YES_ERROR;
				CLANG_WARN_RANGE_LOOP_ANALYSIS = YES;
				CLANG_WARN_STRICT_PROTOTYPES = YES;
				CLANG_WARN_SUSPICIOUS_MOVE = YES;
				CLANG_WARN_UNGUARDED_AVAILABILITY = YES_AGGRESSIVE;
				CLANG_WARN_UNREACHABLE_CODE = YES;
				CLANG_WARN__DUPLICATE_METHOD_MATCH = YES;
				CODE_SIGN_IDENTITY = "iPhone Developer";
				COPY_PHASE_STRIP = NO;
				DEBUG_INFORMATION_FORMAT = dwarf;
				ENABLE_STRICT_OBJC_MSGSEND = YES;
				ENABLE_TESTABILITY = YES;
				GCC_C_LANGUAGE_STANDARD = gnu11;
				GCC_DYNAMIC_NO_PIC = NO;
				GCC_NO_COMMON_BLOCKS = YES;
				GCC_OPTIMIZATION_LEVEL = 0;
				GCC_PREPROCESSOR_DEFINITIONS = (
					"DEBUG=1",
					"$(inherited)",
				);
				GCC_WARN_64_TO_32_BIT_CONVERSION = YES;
				GCC_WARN_ABOUT_RETURN_TYPE = YES_ERROR;
				GCC_WARN_UNDECLARED_SELECTOR = YES;
				GCC_WARN_UNINITIALIZED_AUTOS = YES_AGGRESSIVE;
				GCC_WARN_UNUSED_FUNCTION = YES;
				GCC_WARN_UNUSED_VARIABLE = YES;
				IPHONEOS_DEPLOYMENT_TARGET = 11.4;
				MTL_ENABLE_DEBUG_INFO = YES;
				ONLY_ACTIVE_ARCH = YES;
				SDKROOT = iphoneos;
			};
			name = Debug;
		};
		99A8219821C799BC00731C61 /* Release */ = {
			isa = XCBuildConfiguration;
			buildSettings = {
				ALWAYS_SEARCH_USER_PATHS = NO;
				CLANG_ANALYZER_NONNULL = YES;
				CLANG_ANALYZER_NUMBER_OBJECT_CONVERSION = YES_AGGRESSIVE;
				CLANG_CXX_LANGUAGE_STANDARD = "gnu++14";
				CLANG_CXX_LIBRARY = "libc++";
				CLANG_ENABLE_MODULES = YES;
				CLANG_ENABLE_OBJC_ARC = YES;
				CLANG_ENABLE_OBJC_WEAK = YES;
				CLANG_WARN_BLOCK_CAPTURE_AUTORELEASING = YES;
				CLANG_WARN_BOOL_CONVERSION = YES;
				CLANG_WARN_COMMA = YES;
				CLANG_WARN_CONSTANT_CONVERSION = YES;
				CLANG_WARN_DEPRECATED_OBJC_IMPLEMENTATIONS = YES;
				CLANG_WARN_DIRECT_OBJC_ISA_USAGE = YES_ERROR;
				CLANG_WARN_DOCUMENTATION_COMMENTS = YES;
				CLANG_WARN_EMPTY_BODY = YES;
				CLANG_WARN_ENUM_CONVERSION = YES;
				CLANG_WARN_INFINITE_RECURSION = YES;
				CLANG_WARN_INT_CONVERSION = YES;
				CLANG_WARN_NON_LITERAL_NULL_CONVERSION = YES;
				CLANG_WARN_OBJC_IMPLICIT_RETAIN_SELF = YES;
				CLANG_WARN_OBJC_LITERAL_CONVERSION = YES;
				CLANG_WARN_OBJC_ROOT_CLASS = YES_ERROR;
				CLANG_WARN_RANGE_LOOP_ANALYSIS = YES;
				CLANG_WARN_STRICT_PROTOTYPES = YES;
				CLANG_WARN_SUSPICIOUS_MOVE = YES;
				CLANG_WARN_UNGUARDED_AVAILABILITY = YES_AGGRESSIVE;
				CLANG_WARN_UNREACHABLE_CODE = YES;
				CLANG_WARN__DUPLICATE_METHOD_MATCH = YES;
				CODE_SIGN_IDENTITY = "iPhone Developer";
				COPY_PHASE_STRIP = NO;
				DEBUG_INFORMATION_FORMAT = "dwarf-with-dsym";
				ENABLE_NS_ASSERTIONS = NO;
				ENABLE_STRICT_OBJC_MSGSEND = YES;
				GCC_C_LANGUAGE_STANDARD = gnu11;
				GCC_NO_COMMON_BLOCKS = YES;
				GCC_WARN_64_TO_32_BIT_CONVERSION = YES;
				GCC_WARN_ABOUT_RETURN_TYPE = YES_ERROR;
				GCC_WARN_UNDECLARED_SELECTOR = YES;
				GCC_WARN_UNINITIALIZED_AUTOS = YES_AGGRESSIVE;
				GCC_WARN_UNUSED_FUNCTION = YES;
				GCC_WARN_UNUSED_VARIABLE = YES;
				IPHONEOS_DEPLOYMENT_TARGET = 11.4;
				MTL_ENABLE_DEBUG_INFO = NO;
				SDKROOT = iphoneos;
				VALIDATE_PRODUCT = YES;
			};
			name = Release;
		};
		99A8219A21C799BC00731C61 /* Debug */ = {
			isa = XCBuildConfiguration;
			baseConfigurationReference = C9C31C61575F4FD736793F6F /* Pods-test.debug.xcconfig */;
			buildSettings = {
				ASSETCATALOG_COMPILER_APPICON_NAME = AppIcon;
				CODE_SIGN_STYLE = Automatic;
				DEVELOPMENT_TEAM = DN43523GZM;
				INFOPLIST_FILE = test/Info.plist;
				LD_RUNPATH_SEARCH_PATHS = (
					"$(inherited)",
					"@executable_path/Frameworks",
				);
				PRODUCT_BUNDLE_IDENTIFIER = "animal.---";
				PRODUCT_NAME = "$(TARGET_NAME)";
				TARGETED_DEVICE_FAMILY = "1,2";
			};
			name = Debug;
		};
		99A8219B21C799BC00731C61 /* Release */ = {
			isa = XCBuildConfiguration;
			baseConfigurationReference = C8C5A3CC003916AC8CB12E57 /* Pods-test.release.xcconfig */;
			buildSettings = {
				ASSETCATALOG_COMPILER_APPICON_NAME = AppIcon;
				CODE_SIGN_STYLE = Automatic;
				DEVELOPMENT_TEAM = DN43523GZM;
				INFOPLIST_FILE = test/Info.plist;
				LD_RUNPATH_SEARCH_PATHS = (
					"$(inherited)",
					"@executable_path/Frameworks",
				);
				PRODUCT_BUNDLE_IDENTIFIER = "animal.---";
				PRODUCT_NAME = "$(TARGET_NAME)";
				TARGETED_DEVICE_FAMILY = "1,2";
			};
			name = Release;
		};
		99A8219D21C799BC00731C61 /* Debug */ = {
			isa = XCBuildConfiguration;
			baseConfigurationReference = 80C6048B9D157A2B41A29696 /* Pods-testTests.debug.xcconfig */;
			buildSettings = {
				BUNDLE_LOADER = "$(TEST_HOST)";
				CODE_SIGN_STYLE = Automatic;
				DEVELOPMENT_TEAM = DN43523GZM;
				INFOPLIST_FILE = testTests/Info.plist;
				LD_RUNPATH_SEARCH_PATHS = (
					"$(inherited)",
					"@executable_path/Frameworks",
					"@loader_path/Frameworks",
				);
				PRODUCT_BUNDLE_IDENTIFIER = animal.testTests;
				PRODUCT_NAME = "$(TARGET_NAME)";
				TARGETED_DEVICE_FAMILY = "1,2";
				TEST_HOST = "$(BUILT_PRODUCTS_DIR)/test.app/test";
			};
			name = Debug;
		};
		99A8219E21C799BC00731C61 /* Release */ = {
			isa = XCBuildConfiguration;
			baseConfigurationReference = 5C041B4144B3BA45E700EDD7 /* Pods-testTests.release.xcconfig */;
			buildSettings = {
				BUNDLE_LOADER = "$(TEST_HOST)";
				CODE_SIGN_STYLE = Automatic;
				DEVELOPMENT_TEAM = DN43523GZM;
				INFOPLIST_FILE = testTests/Info.plist;
				LD_RUNPATH_SEARCH_PATHS = (
					"$(inherited)",
					"@executable_path/Frameworks",
					"@loader_path/Frameworks",
				);
				PRODUCT_BUNDLE_IDENTIFIER = animal.testTests;
				PRODUCT_NAME = "$(TARGET_NAME)";
				TARGETED_DEVICE_FAMILY = "1,2";
				TEST_HOST = "$(BUILT_PRODUCTS_DIR)/test.app/test";
			};
			name = Release;
		};
		99A821A021C799BC00731C61 /* Debug */ = {
			isa = XCBuildConfiguration;
			baseConfigurationReference = 25F57D1B5E241CB33A7A2006 /* Pods-testUITests.debug.xcconfig */;
			buildSettings = {
				CODE_SIGN_STYLE = Automatic;
				DEVELOPMENT_TEAM = DN43523GZM;
				INFOPLIST_FILE = testUITests/Info.plist;
				LD_RUNPATH_SEARCH_PATHS = (
					"$(inherited)",
					"@executable_path/Frameworks",
					"@loader_path/Frameworks",
				);
				PRODUCT_BUNDLE_IDENTIFIER = animal.testUITests;
				PRODUCT_NAME = "$(TARGET_NAME)";
				TARGETED_DEVICE_FAMILY = "1,2";
				TEST_TARGET_NAME = test;
			};
			name = Debug;
		};
		99A821A121C799BC00731C61 /* Release */ = {
			isa = XCBuildConfiguration;
			baseConfigurationReference = A2189A7134408A94FE14A20B /* Pods-testUITests.release.xcconfig */;
			buildSettings = {
				CODE_SIGN_STYLE = Automatic;
				DEVELOPMENT_TEAM = DN43523GZM;
				INFOPLIST_FILE = testUITests/Info.plist;
				LD_RUNPATH_SEARCH_PATHS = (
					"$(inherited)",
					"@executable_path/Frameworks",
					"@loader_path/Frameworks",
				);
				PRODUCT_BUNDLE_IDENTIFIER = animal.testUITests;
				PRODUCT_NAME = "$(TARGET_NAME)";
				TARGETED_DEVICE_FAMILY = "1,2";
				TEST_TARGET_NAME = test;
			};
			name = Release;
		};
/* End XCBuildConfiguration section */

/* Begin XCConfigurationList section */
		99A8216821C799BA00731C61 /* Build configuration list for PBXProject "test" */ = {
			isa = XCConfigurationList;
			buildConfigurations = (
				99A8219721C799BC00731C61 /* Debug */,
				99A8219821C799BC00731C61 /* Release */,
			);
			defaultConfigurationIsVisible = 0;
			defaultConfigurationName = Release;
		};
		99A8219921C799BC00731C61 /* Build configuration list for PBXNativeTarget "test" */ = {
			isa = XCConfigurationList;
			buildConfigurations = (
				99A8219A21C799BC00731C61 /* Debug */,
				99A8219B21C799BC00731C61 /* Release */,
			);
			defaultConfigurationIsVisible = 0;
			defaultConfigurationName = Release;
		};
		99A8219C21C799BC00731C61 /* Build configuration list for PBXNativeTarget "testTests" */ = {
			isa = XCConfigurationList;
			buildConfigurations = (
				99A8219D21C799BC00731C61 /* Debug */,
				99A8219E21C799BC00731C61 /* Release */,
			);
			defaultConfigurationIsVisible = 0;
			defaultConfigurationName = Release;
		};
		99A8219F21C799BC00731C61 /* Build configuration list for PBXNativeTarget "testUITests" */ = {
			isa = XCConfigurationList;
			buildConfigurations = (
				99A821A021C799BC00731C61 /* Debug */,
				99A821A121C799BC00731C61 /* Release */,
			);
			defaultConfigurationIsVisible = 0;
			defaultConfigurationName = Release;
		};
/* End XCConfigurationList section */
	};
	rootObject = 99A8216521C799BA00731C61 /* Project object */;
}
